
Microsoft Visual Studio Solution File, Format Version 12.00
# Visual Studio 15
VisualStudioVersion = 15.0.27428.2002
MinimumVisualStudioVersion = 10.0.40219.1
Project("{FAE04EC0-301F-11D3-BF4B-00C04F79EFBC}") = "SistemaAcademico", "SistemaAcademico\SistemaAcademico.csproj", "{ACEAA480-4DD1-4A8B-86C3-0B9331856E76}"
EndProject
Global
	GlobalSection(SolutionConfigurationPlatforms) = preSolution
		Debug|Any CPU = Debug|Any CPU
		Release|Any CPU = Release|Any CPU
	EndGlobalSection
	GlobalSection(ProjectConfigurationPlatforms) = postSolution
		{ACEAA480-4DD1-4A8B-86C3-0B9331856E76}.Debug|Any CPU.ActiveCfg = Debug|Any CPU
		{ACEAA480-4DD1-4A8B-86C3-0B9331856E76}.Debug|Any CPU.Build.0 = Debug|Any CPU
		{ACEAA480-4DD1-4A8B-86C3-0B9331856E76}.Release|Any CPU.ActiveCfg = Release|Any CPU
		{ACEAA480-4DD1-4A8B-86C3-0B9331856E76}.Release|Any CPU.Build.0 = Release|Any CPU
	EndGlobalSection
	GlobalSection(SolutionProperties) = preSolution
		HideSolutionNode = FALSE
	EndGlobalSection
	GlobalSection(ExtensibilityGlobals) = postSolution
		SolutionGuid = {5D331DED-686C-4E7A-8D1E-5DF5DB7AFA03}
	EndGlobalSection
EndGlobal
